{
  "name": "node2",
  "version": "1.0.0",
  "lockfileVersion": 2,
  "requires": true,
  "packages": {
    "": {
      "name": "node2",
      "version": "1.0.0",
      "license": "ISC",
      "dependencies": {
        "@irinarinch/library": "^1.0.0"
      }
    },
    "node_modules/@irinarinch/library": {
      "version": "1.0.0",
      "resolved": "https://npm.pkg.github.com/download/@irinarinch/library/1.0.0/2c19cb064ab7ae14abe2f4eddb4999a81e8c1be5",
      "integrity": "sha512-t0Ak6Gq5AC5gEg/rxE8BlL3iiBe5G43ce9nQLVHyVpT6LPdiRGFvoHXr7I0Fyg67SrmiAK83ffdkipuHDghddQ==",
      "license": "ISC"
    }
  },
  "dependencies": {
    "@irinarinch/library": {
      "version": "1.0.0",
      "resolved": "https://npm.pkg.github.com/download/@irinarinch/library/1.0.0/2c19cb064ab7ae14abe2f4eddb4999a81e8c1be5",
      "integrity": "sha512-t0Ak6Gq5AC5gEg/rxE8BlL3iiBe5G43ce9nQLVHyVpT6LPdiRGFvoHXr7I0Fyg67SrmiAK83ffdkipuHDghddQ=="
    }
  }
}
